
Microsoft Visual Studio Solution File, Format Version 12.00
# Visual Studio Version 17
VisualStudioVersion = 17.5.002.0
MinimumVisualStudioVersion = 10.0.40219.1
Project("{9A19103F-16F7-4668-BE54-9A1E7A4F7556}") = "MusicPlayerWeb", "MusicPlayerWeb.csproj", "{B88CBABA-37D4-4A54-B2E5-81A6C32004BC}"
EndProject
Global
	GlobalSection(SolutionConfigurationPlatforms) = preSolution
		Debug|Any CPU = Debug|Any CPU
		Release|Any CPU = Release|Any CPU
	EndGlobalSection
	GlobalSection(ProjectConfigurationPlatforms) = postSolution
		{B88CBABA-37D4-4A54-B2E5-81A6C32004BC}.Debug|Any CPU.ActiveCfg = Debug|Any CPU
		{B88CBABA-37D4-4A54-B2E5-81A6C32004BC}.Debug|Any CPU.Build.0 = Debug|Any CPU
		{B88CBABA-37D4-4A54-B2E5-81A6C32004BC}.Release|Any CPU.ActiveCfg = Release|Any CPU
		{B88CBABA-37D4-4A54-B2E5-81A6C32004BC}.Release|Any CPU.Build.0 = Release|Any CPU
	EndGlobalSection
	GlobalSection(SolutionProperties) = preSolution
		HideSolutionNode = FALSE
	EndGlobalSection
	GlobalSection(ExtensibilityGlobals) = postSolution
		SolutionGuid = {15B7F0D3-634C-4717-B654-54132A4786B3}
	EndGlobalSection
EndGlobal
